
Microsoft Visual Studio Solution File, Format Version 12.00
# Visual Studio Version 17
VisualStudioVersion = 17.1.31911.260
MinimumVisualStudioVersion = 10.0.40219.1
Project("{9A19103F-16F7-4668-BE54-9A1E7A4F7556}") = "Time-Trucker", "Time-Trucker\Time-Trucker.csproj", "{FFD2CA6F-4B9F-4ED9-8EE8-B69C59FFD1C0}"
EndProject
Project("{9A19103F-16F7-4668-BE54-9A1E7A4F7556}") = "DataAccess", "DataAccess\DataAccess.csproj", "{244FA6D3-FDEC-4B95-A2D4-D6807D577D0E}"
EndProject
Project("{9A19103F-16F7-4668-BE54-9A1E7A4F7556}") = "Models", "Models\Models.csproj", "{ACC55FFC-0A0D-400D-9E0A-E776922DFA26}"
EndProject
Project("{9A19103F-16F7-4668-BE54-9A1E7A4F7556}") = "Utility", "Utility\Utility.csproj", "{93F29B59-517D-4AE3-89A3-3B226B4B446C}"
EndProject
Global
	GlobalSection(SolutionConfigurationPlatforms) = preSolution
		Debug|Any CPU = Debug|Any CPU
		Release|Any CPU = Release|Any CPU
	EndGlobalSection
	GlobalSection(ProjectConfigurationPlatforms) = postSolution
		{FFD2CA6F-4B9F-4ED9-8EE8-B69C59FFD1C0}.Debug|Any CPU.ActiveCfg = Debug|Any CPU
		{FFD2CA6F-4B9F-4ED9-8EE8-B69C59FFD1C0}.Debug|Any CPU.Build.0 = Debug|Any CPU
		{FFD2CA6F-4B9F-4ED9-8EE8-B69C59FFD1C0}.Release|Any CPU.ActiveCfg = Release|Any CPU
		{FFD2CA6F-4B9F-4ED9-8EE8-B69C59FFD1C0}.Release|Any CPU.Build.0 = Release|Any CPU
		{244FA6D3-FDEC-4B95-A2D4-D6807D577D0E}.Debug|Any CPU.ActiveCfg = Debug|Any CPU
		{244FA6D3-FDEC-4B95-A2D4-D6807D577D0E}.Debug|Any CPU.Build.0 = Debug|Any CPU
		{244FA6D3-FDEC-4B95-A2D4-D6807D577D0E}.Release|Any CPU.ActiveCfg = Release|Any CPU
		{244FA6D3-FDEC-4B95-A2D4-D6807D577D0E}.Release|Any CPU.Build.0 = Release|Any CPU
		{ACC55FFC-0A0D-400D-9E0A-E776922DFA26}.Debug|Any CPU.ActiveCfg = Debug|Any CPU
		{ACC55FFC-0A0D-400D-9E0A-E776922DFA26}.Debug|Any CPU.Build.0 = Debug|Any CPU
		{ACC55FFC-0A0D-400D-9E0A-E776922DFA26}.Release|Any CPU.ActiveCfg = Release|Any CPU
		{ACC55FFC-0A0D-400D-9E0A-E776922DFA26}.Release|Any CPU.Build.0 = Release|Any CPU
		{93F29B59-517D-4AE3-89A3-3B226B4B446C}.Debug|Any CPU.ActiveCfg = Debug|Any CPU
		{93F29B59-517D-4AE3-89A3-3B226B4B446C}.Debug|Any CPU.Build.0 = Debug|Any CPU
		{93F29B59-517D-4AE3-89A3-3B226B4B446C}.Release|Any CPU.ActiveCfg = Release|Any CPU
		{93F29B59-517D-4AE3-89A3-3B226B4B446C}.Release|Any CPU.Build.0 = Release|Any CPU
	EndGlobalSection
	GlobalSection(SolutionProperties) = preSolution
		HideSolutionNode = FALSE
	EndGlobalSection
	GlobalSection(ExtensibilityGlobals) = postSolution
		SolutionGuid = {81B5F1A3-C5AB-4A53-82D8-5063C7736119}
	EndGlobalSection
EndGlobal
